// !$*UTF8*$!
{
	archiveVersion = 1;
	classes = {
	};
	objectVersion = 56;
	objects = {

/* Begin PBXBuildFile section */
		806868F766604446CC9B2B42 /* Pods_CoronaviApp.framework in Frameworks */ = {isa = PBXBuildFile; fileRef = 7D37D7546434A3242DD72EC8 /* Pods_CoronaviApp.framework */; };
		E07E419F299FC76800BAD942 /* service.txt in Resources */ = {isa = PBXBuildFile; fileRef = E07E419E299FC76800BAD942 /* service.txt */; };
		E07E41A1299FC79100BAD942 /* policy.txt in Resources */ = {isa = PBXBuildFile; fileRef = E07E41A0299FC79100BAD942 /* policy.txt */; };
		E089AE76299E32C300ADF75D /* AppDelegate.swift in Sources */ = {isa = PBXBuildFile; fileRef = E089AE75299E32C300ADF75D /* AppDelegate.swift */; };
		E089AE78299E32C300ADF75D /* SceneDelegate.swift in Sources */ = {isa = PBXBuildFile; fileRef = E089AE77299E32C300ADF75D /* SceneDelegate.swift */; };
		E089AE7F299E32C300ADF75D /* Assets.xcassets in Resources */ = {isa = PBXBuildFile; fileRef = E089AE7E299E32C300ADF75D /* Assets.xcassets */; };
		E089AE82299E32C300ADF75D /* LaunchScreen.storyboard in Resources */ = {isa = PBXBuildFile; fileRef = E089AE80299E32C300ADF75D /* LaunchScreen.storyboard */; };
		E089AEBC299E3C4100ADF75D /* Settings.bundle in Resources */ = {isa = PBXBuildFile; fileRef = E089AEBB299E3C4100ADF75D /* Settings.bundle */; };
		E089AEC0299F736A00ADF75D /* DetailPrefectureViewController.swift in Sources */ = {isa = PBXBuildFile; fileRef = E089AEBF299F736A00ADF75D /* DetailPrefectureViewController.swift */; };
		E089AEC2299F741600ADF75D /* MenuViewController.swift in Sources */ = {isa = PBXBuildFile; fileRef = E089AEC1299F741600ADF75D /* MenuViewController.swift */; };
		E089AEC4299F743F00ADF75D /* PrefectureTotalViewController.swift in Sources */ = {isa = PBXBuildFile; fileRef = E089AEC3299F743F00ADF75D /* PrefectureTotalViewController.swift */; };
		E089AEC6299F749C00ADF75D /* PrefectureViewController.swift in Sources */ = {isa = PBXBuildFile; fileRef = E089AEC5299F749C00ADF75D /* PrefectureViewController.swift */; };
		E089AEC8299F74F900ADF75D /* PrivacyPolicyViewController.swift in Sources */ = {isa = PBXBuildFile; fileRef = E089AEC7299F74F900ADF75D /* PrivacyPolicyViewController.swift */; };
		E089AECA299F751A00ADF75D /* SettingViewController.swift in Sources */ = {isa = PBXBuildFile; fileRef = E089AEC9299F751A00ADF75D /* SettingViewController.swift */; };
		E089AECC299F754100ADF75D /* TermsOfServiceViewController.swift in Sources */ = {isa = PBXBuildFile; fileRef = E089AECB299F754100ADF75D /* TermsOfServiceViewController.swift */; };
		E089AECE299F757C00ADF75D /* CovidEntity.swift in Sources */ = {isa = PBXBuildFile; fileRef = E089AECD299F757C00ADF75D /* CovidEntity.swift */; };
		E089AED6299F768F00ADF75D /* CovidApi.swift in Sources */ = {isa = PBXBuildFile; fileRef = E089AED5299F768F00ADF75D /* CovidApi.swift */; };
		E089AED8299F76E500ADF75D /* CovidSingleton.swift in Sources */ = {isa = PBXBuildFile; fileRef = E089AED7299F76E500ADF75D /* CovidSingleton.swift */; };
		E089AEDA299F780B00ADF75D /* DetailPrefecture.storyboard in Resources */ = {isa = PBXBuildFile; fileRef = E089AED9299F780B00ADF75D /* DetailPrefecture.storyboard */; };
		E089AEDC299F785300ADF75D /* Prefecture.storyboard in Resources */ = {isa = PBXBuildFile; fileRef = E089AEDB299F785300ADF75D /* Prefecture.storyboard */; };
		E089AEDE299F787500ADF75D /* PrefectureTotal.storyboard in Resources */ = {isa = PBXBuildFile; fileRef = E089AEDD299F787500ADF75D /* PrefectureTotal.storyboard */; };
		E089AEE0299F789E00ADF75D /* PrivacyPolicy.storyboard in Resources */ = {isa = PBXBuildFile; fileRef = E089AEDF299F789E00ADF75D /* PrivacyPolicy.storyboard */; };
		E089AEE2299F78C500ADF75D /* Setting.storyboard in Resources */ = {isa = PBXBuildFile; fileRef = E089AEE1299F78C500ADF75D /* Setting.storyboard */; };
		E089AEE4299F78DD00ADF75D /* TermsOfService.storyboard in Resources */ = {isa = PBXBuildFile; fileRef = E089AEE3299F78DD00ADF75D /* TermsOfService.storyboard */; };
		E089AEE6299F78FF00ADF75D /* Main.storyboard in Resources */ = {isa = PBXBuildFile; fileRef = E089AEE5299F78FF00ADF75D /* Main.storyboard */; };
/* End PBXBuildFile section */

/* Begin PBXFileReference section */
		50BD8853DE24D8CE91F711F5 /* Pods-CoronaviApp.release.xcconfig */ = {isa = PBXFileReference; includeInIndex = 1; lastKnownFileType = text.xcconfig; name = "Pods-CoronaviApp.release.xcconfig"; path = "Target Support Files/Pods-CoronaviApp/Pods-CoronaviApp.release.xcconfig"; sourceTree = "<group>"; };
		7D37D7546434A3242DD72EC8 /* Pods_CoronaviApp.framework */ = {isa = PBXFileReference; explicitFileType = wrapper.framework; includeInIndex = 0; path = Pods_CoronaviApp.framework; sourceTree = BUILT_PRODUCTS_DIR; };
		D18A82E50EC3A1E30F8C31B9 /* Pods-CoronaviApp.debug.xcconfig */ = {isa = PBXFileReference; includeInIndex = 1; lastKnownFileType = text.xcconfig; name = "Pods-CoronaviApp.debug.xcconfig"; path = "Target Support Files/Pods-CoronaviApp/Pods-CoronaviApp.debug.xcconfig"; sourceTree = "<group>"; };
		E07E419E299FC76800BAD942 /* service.txt */ = {isa = PBXFileReference; lastKnownFileType = text; path = service.txt; sourceTree = "<group>"; };
		E07E41A0299FC79100BAD942 /* policy.txt */ = {isa = PBXFileReference; lastKnownFileType = text; path = policy.txt; sourceTree = "<group>"; };
		E089AE72299E32C300ADF75D /* CoronaviApp.app */ = {isa = PBXFileReference; explicitFileType = wrapper.application; includeInIndex = 0; path = CoronaviApp.app; sourceTree = BUILT_PRODUCTS_DIR; };
		E089AE75299E32C300ADF75D /* AppDelegate.swift */ = {isa = PBXFileReference; lastKnownFileType = sourcecode.swift; path = AppDelegate.swift; sourceTree = "<group>"; };
		E089AE77299E32C300ADF75D /* SceneDelegate.swift */ = {isa = PBXFileReference; lastKnownFileType = sourcecode.swift; path = SceneDelegate.swift; sourceTree = "<group>"; };
		E089AE7E299E32C300ADF75D /* Assets.xcassets */ = {isa = PBXFileReference; lastKnownFileType = folder.assetcatalog; path = Assets.xcassets; sourceTree = "<group>"; };
		E089AE81299E32C300ADF75D /* Base */ = {isa = PBXFileReference; lastKnownFileType = file.storyboard; name = Base; path = Base.lproj/LaunchScreen.storyboard; sourceTree = "<group>"; };
		E089AE83299E32C300ADF75D /* Info.plist */ = {isa = PBXFileReference; lastKnownFileType = text.plist.xml; path = Info.plist; sourceTree = "<group>"; };
		E089AEBB299E3C4100ADF75D /* Settings.bundle */ = {isa = PBXFileReference; lastKnownFileType = "wrapper.plug-in"; path = Settings.bundle; sourceTree = "<group>"; };
		E089AEBF299F736A00ADF75D /* DetailPrefectureViewController.swift */ = {isa = PBXFileReference; lastKnownFileType = sourcecode.swift; path = DetailPrefectureViewController.swift; sourceTree = "<group>"; };
		E089AEC1299F741600ADF75D /* MenuViewController.swift */ = {isa = PBXFileReference; lastKnownFileType = sourcecode.swift; path = MenuViewController.swift; sourceTree = "<group>"; };
		E089AEC3299F743F00ADF75D /* PrefectureTotalViewController.swift */ = {isa = PBXFileReference; lastKnownFileType = sourcecode.swift; path = PrefectureTotalViewController.swift; sourceTree = "<group>"; };
		E089AEC5299F749C00ADF75D /* PrefectureViewController.swift */ = {isa = PBXFileReference; lastKnownFileType = sourcecode.swift; path = PrefectureViewController.swift; sourceTree = "<group>"; };
		E089AEC7299F74F900ADF75D /* PrivacyPolicyViewController.swift */ = {isa = PBXFileReference; lastKnownFileType = sourcecode.swift; path = PrivacyPolicyViewController.swift; sourceTree = "<group>"; };
		E089AEC9299F751A00ADF75D /* SettingViewController.swift */ = {isa = PBXFileReference; lastKnownFileType = sourcecode.swift; path = SettingViewController.swift; sourceTree = "<group>"; };
		E089AECB299F754100ADF75D /* TermsOfServiceViewController.swift */ = {isa = PBXFileReference; lastKnownFileType = sourcecode.swift; path = TermsOfServiceViewController.swift; sourceTree = "<group>"; };
		E089AECD299F757C00ADF75D /* CovidEntity.swift */ = {isa = PBXFileReference; lastKnownFileType = sourcecode.swift; path = CovidEntity.swift; sourceTree = "<group>"; };
		E089AED5299F768F00ADF75D /* CovidApi.swift */ = {isa = PBXFileReference; lastKnownFileType = sourcecode.swift; path = CovidApi.swift; sourceTree = "<group>"; };
		E089AED7299F76E500ADF75D /* CovidSingleton.swift */ = {isa = PBXFileReference; lastKnownFileType = sourcecode.swift; path = CovidSingleton.swift; sourceTree = "<group>"; };
		E089AED9299F780B00ADF75D /* DetailPrefecture.storyboard */ = {isa = PBXFileReference; lastKnownFileType = file.storyboard; path = DetailPrefecture.storyboard; sourceTree = "<group>"; };
		E089AEDB299F785300ADF75D /* Prefecture.storyboard */ = {isa = PBXFileReference; lastKnownFileType = file.storyboard; path = Prefecture.storyboard; sourceTree = "<group>"; };
		E089AEDD299F787500ADF75D /* PrefectureTotal.storyboard */ = {isa = PBXFileReference; lastKnownFileType = file.storyboard; path = PrefectureTotal.storyboard; sourceTree = "<group>"; };
		E089AEDF299F789E00ADF75D /* PrivacyPolicy.storyboard */ = {isa = PBXFileReference; lastKnownFileType = file.storyboard; path = PrivacyPolicy.storyboard; sourceTree = "<group>"; };
		E089AEE1299F78C500ADF75D /* Setting.storyboard */ = {isa = PBXFileReference; lastKnownFileType = file.storyboard; path = Setting.storyboard; sourceTree = "<group>"; };
		E089AEE3299F78DD00ADF75D /* TermsOfService.storyboard */ = {isa = PBXFileReference; lastKnownFileType = file.storyboard; path = TermsOfService.storyboard; sourceTree = "<group>"; };
		E089AEE5299F78FF00ADF75D /* Main.storyboard */ = {isa = PBXFileReference; lastKnownFileType = file.storyboard; path = Main.storyboard; sourceTree = "<group>"; };
/* End PBXFileReference section */

/* Begin PBXFrameworksBuildPhase section */
		E089AE6F299E32C300ADF75D /* Frameworks */ = {
			isa = PBXFrameworksBuildPhase;
			buildActionMask = 2147483647;
			files = (
				806868F766604446CC9B2B42 /* Pods_CoronaviApp.framework in Frameworks */,
			);
			runOnlyForDeploymentPostprocessing = 0;
		};
/* End PBXFrameworksBuildPhase section */

/* Begin PBXGroup section */
		273C3FEF916910B8063E87C9 /* Pods */ = {
			isa = PBXGroup;
			children = (
				D18A82E50EC3A1E30F8C31B9 /* Pods-CoronaviApp.debug.xcconfig */,
				50BD8853DE24D8CE91F711F5 /* Pods-CoronaviApp.release.xcconfig */,
			);
			path = Pods;
			sourceTree = "<group>";
		};
		6BAFCB86F7184C1D08CED227 /* Frameworks */ = {
			isa = PBXGroup;
			children = (
				7D37D7546434A3242DD72EC8 /* Pods_CoronaviApp.framework */,
			);
			name = Frameworks;
			sourceTree = "<group>";
		};
		E07E419D299FC71200BAD942 /* Setting */ = {
			isa = PBXGroup;
			children = (
				E07E419E299FC76800BAD942 /* service.txt */,
				E07E41A0299FC79100BAD942 /* policy.txt */,
			);
			path = Setting;
			sourceTree = "<group>";
		};
		E089AE69299E32C200ADF75D = {
			isa = PBXGroup;
			children = (
				E089AE74299E32C300ADF75D /* CoronaviApp */,
				E089AE73299E32C300ADF75D /* Products */,
				273C3FEF916910B8063E87C9 /* Pods */,
				6BAFCB86F7184C1D08CED227 /* Frameworks */,
			);
			sourceTree = "<group>";
		};
		E089AE73299E32C300ADF75D /* Products */ = {
			isa = PBXGroup;
			children = (
				E089AE72299E32C300ADF75D /* CoronaviApp.app */,
			);
			name = Products;
			sourceTree = "<group>";
		};
		E089AE74299E32C300ADF75D /* CoronaviApp */ = {
			isa = PBXGroup;
			children = (
				E07E419D299FC71200BAD942 /* Setting */,
				E089AE8D299E337D00ADF75D /* Api */,
				E089AE8C299E336F00ADF75D /* Entity */,
				E089AE8B299E335000ADF75D /* StoryBoards */,
				E089AE89299E333800ADF75D /* ViewControllers */,
				E089AE75299E32C300ADF75D /* AppDelegate.swift */,
				E089AE77299E32C300ADF75D /* SceneDelegate.swift */,
				E089AE7E299E32C300ADF75D /* Assets.xcassets */,
				E089AE80299E32C300ADF75D /* LaunchScreen.storyboard */,
				E089AE83299E32C300ADF75D /* Info.plist */,
				E089AEBB299E3C4100ADF75D /* Settings.bundle */,
			);
			path = CoronaviApp;
			sourceTree = "<group>";
		};
		E089AE89299E333800ADF75D /* ViewControllers */ = {
			isa = PBXGroup;
			children = (
				E089AEBF299F736A00ADF75D /* DetailPrefectureViewController.swift */,
				E089AEC1299F741600ADF75D /* MenuViewController.swift */,
				E089AEC3299F743F00ADF75D /* PrefectureTotalViewController.swift */,
				E089AEC5299F749C00ADF75D /* PrefectureViewController.swift */,
				E089AEC7299F74F900ADF75D /* PrivacyPolicyViewController.swift */,
				E089AEC9299F751A00ADF75D /* SettingViewController.swift */,
				E089AECB299F754100ADF75D /* TermsOfServiceViewController.swift */,
			);
			path = ViewControllers;
			sourceTree = "<group>";
		};
		E089AE8B299E335000ADF75D /* StoryBoards */ = {
			isa = PBXGroup;
			children = (
				E089AED9299F780B00ADF75D /* DetailPrefecture.storyboard */,
				E089AEDB299F785300ADF75D /* Prefecture.storyboard */,
				E089AEDD299F787500ADF75D /* PrefectureTotal.storyboard */,
				E089AEDF299F789E00ADF75D /* PrivacyPolicy.storyboard */,
				E089AEE1299F78C500ADF75D /* Setting.storyboard */,
				E089AEE3299F78DD00ADF75D /* TermsOfService.storyboard */,
				E089AEE5299F78FF00ADF75D /* Main.storyboard */,
			);
			path = StoryBoards;
			sourceTree = "<group>";
		};
		E089AE8C299E336F00ADF75D /* Entity */ = {
			isa = PBXGroup;
			children = (
				E089AECD299F757C00ADF75D /* CovidEntity.swift */,
				E089AED7299F76E500ADF75D /* CovidSingleton.swift */,
			);
			path = Entity;
			sourceTree = "<group>";
		};
		E089AE8D299E337D00ADF75D /* Api */ = {
			isa = PBXGroup;
			children = (
				E089AED5299F768F00ADF75D /* CovidApi.swift */,
			);
			path = Api;
			sourceTree = "<group>";
		};
/* End PBXGroup section */

/* Begin PBXNativeTarget section */
		E089AE71299E32C300ADF75D /* CoronaviApp */ = {
			isa = PBXNativeTarget;
			buildConfigurationList = E089AE86299E32C300ADF75D /* Build configuration list for PBXNativeTarget "CoronaviApp" */;
			buildPhases = (
				DC61A3A8D08D74B983046CB0 /* [CP] Check Pods Manifest.lock */,
				E089AE6E299E32C300ADF75D /* Sources */,
				E089AE6F299E32C300ADF75D /* Frameworks */,
				E089AE70299E32C300ADF75D /* Resources */,
				3B30B34120C5D0707306F3E0 /* [CP] Embed Pods Frameworks */,
				E089AEB6299E3AE100ADF75D /* ShellScript */,
			);
			buildRules = (
			);
			dependencies = (
			);
			name = CoronaviApp;
			productName = CoronaviApp;
			productReference = E089AE72299E32C300ADF75D /* CoronaviApp.app */;
			productType = "com.apple.product-type.application";
		};
/* End PBXNativeTarget section */

/* Begin PBXProject section */
		E089AE6A299E32C200ADF75D /* Project object */ = {
			isa = PBXProject;
			attributes = {
				BuildIndependentTargetsInParallel = 1;
				LastSwiftUpdateCheck = 1420;
				LastUpgradeCheck = 1420;
				TargetAttributes = {
					E089AE71299E32C300ADF75D = {
						CreatedOnToolsVersion = 14.2;
					};
				};
			};
			buildConfigurationList = E089AE6D299E32C200ADF75D /* Build configuration list for PBXProject "CoronaviApp" */;
			compatibilityVersion = "Xcode 14.0";
			developmentRegion = en;
			hasScannedForEncodings = 0;
			knownRegions = (
				en,
				Base,
			);
			mainGroup = E089AE69299E32C200ADF75D;
			productRefGroup = E089AE73299E32C300ADF75D /* Products */;
			projectDirPath = "";
			projectRoot = "";
			targets = (
				E089AE71299E32C300ADF75D /* CoronaviApp */,
			);
		};
/* End PBXProject section */

/* Begin PBXResourcesBuildPhase section */
		E089AE70299E32C300ADF75D /* Resources */ = {
			isa = PBXResourcesBuildPhase;
			buildActionMask = 2147483647;
			files = (
				E07E419F299FC76800BAD942 /* service.txt in Resources */,
				E089AE82299E32C300ADF75D /* LaunchScreen.storyboard in Resources */,
				E089AEDC299F785300ADF75D /* Prefecture.storyboard in Resources */,
				E089AEBC299E3C4100ADF75D /* Settings.bundle in Resources */,
				E089AEE0299F789E00ADF75D /* PrivacyPolicy.storyboard in Resources */,
				E07E41A1299FC79100BAD942 /* policy.txt in Resources */,
				E089AEE4299F78DD00ADF75D /* TermsOfService.storyboard in Resources */,
				E089AEE6299F78FF00ADF75D /* Main.storyboard in Resources */,
				E089AEDE299F787500ADF75D /* PrefectureTotal.storyboard in Resources */,
				E089AE7F299E32C300ADF75D /* Assets.xcassets in Resources */,
				E089AEE2299F78C500ADF75D /* Setting.storyboard in Resources */,
				E089AEDA299F780B00ADF75D /* DetailPrefecture.storyboard in Resources */,
			);
			runOnlyForDeploymentPostprocessing = 0;
		};
/* End PBXResourcesBuildPhase section */

/* Begin PBXShellScriptBuildPhase section */
		3B30B34120C5D0707306F3E0 /* [CP] Embed Pods Frameworks */ = {
			isa = PBXShellScriptBuildPhase;
			buildActionMask = 2147483647;
			files = (
			);
			inputFileListPaths = (
				"${PODS_ROOT}/Target Support Files/Pods-CoronaviApp/Pods-CoronaviApp-frameworks-${CONFIGURATION}-input-files.xcfilelist",
			);
			name = "[CP] Embed Pods Frameworks";
			outputFileListPaths = (
				"${PODS_ROOT}/Target Support Files/Pods-CoronaviApp/Pods-CoronaviApp-frameworks-${CONFIGURATION}-output-files.xcfilelist",
			);
			runOnlyForDeploymentPostprocessing = 0;
			shellPath = /bin/sh;
			shellScript = "\"${PODS_ROOT}/Target Support Files/Pods-CoronaviApp/Pods-CoronaviApp-frameworks.sh\"\n";
			showEnvVarsInLog = 0;
		};
		DC61A3A8D08D74B983046CB0 /* [CP] Check Pods Manifest.lock */ = {
			isa = PBXShellScriptBuildPhase;
			buildActionMask = 2147483647;
			files = (
			);
			inputFileListPaths = (
			);
			inputPaths = (
				"${PODS_PODFILE_DIR_PATH}/Podfile.lock",
				"${PODS_ROOT}/Manifest.lock",
			);
			name = "[CP] Check Pods Manifest.lock";
			outputFileListPaths = (
			);
			outputPaths = (
				"$(DERIVED_FILE_DIR)/Pods-CoronaviApp-checkManifestLockResult.txt",
			);
			runOnlyForDeploymentPostprocessing = 0;
			shellPath = /bin/sh;
			shellScript = "diff \"${PODS_PODFILE_DIR_PATH}/Podfile.lock\" \"${PODS_ROOT}/Manifest.lock\" > /dev/null\nif [ $? != 0 ] ; then\n    # print error to STDERR\n    echo \"error: The sandbox is not in sync with the Podfile.lock. Run 'pod install' or update your CocoaPods installation.\" >&2\n    exit 1\nfi\n# This output is used by Xcode 'outputs' to avoid re-running this script phase.\necho \"SUCCESS\" > \"${SCRIPT_OUTPUT_FILE_0}\"\n";
			showEnvVarsInLog = 0;
		};
		E089AEB6299E3AE100ADF75D /* ShellScript */ = {
			isa = PBXShellScriptBuildPhase;
			buildActionMask = 2147483647;
			files = (
			);
			inputFileListPaths = (
			);
			inputPaths = (
			);
			outputFileListPaths = (
			);
			outputPaths = (
			);
			runOnlyForDeploymentPostprocessing = 0;
			shellPath = /bin/sh;
			shellScript = "if [ $CONFIGURATION = \"Debug\" ]; then\n    ${PODS_ROOT}/LicensePlist/license-plist --output-path $PROJECT_NAME/Settings.bundle\nfi\n";
		};
/* End PBXShellScriptBuildPhase section */

/* Begin PBXSourcesBuildPhase section */
		E089AE6E299E32C300ADF75D /* Sources */ = {
			isa = PBXSourcesBuildPhase;
			buildActionMask = 2147483647;
			files = (
				E089AED6299F768F00ADF75D /* CovidApi.swift in Sources */,
				E089AECC299F754100ADF75D /* TermsOfServiceViewController.swift in Sources */,
				E089AECE299F757C00ADF75D /* CovidEntity.swift in Sources */,
				E089AED8299F76E500ADF75D /* CovidSingleton.swift in Sources */,
				E089AEC4299F743F00ADF75D /* PrefectureTotalViewController.swift in Sources */,
				E089AECA299F751A00ADF75D /* SettingViewController.swift in Sources */,
				E089AEC8299F74F900ADF75D /* PrivacyPolicyViewController.swift in Sources */,
				E089AE76299E32C300ADF75D /* AppDelegate.swift in Sources */,
				E089AEC2299F741600ADF75D /* MenuViewController.swift in Sources */,
				E089AE78299E32C300ADF75D /* SceneDelegate.swift in Sources */,
				E089AEC0299F736A00ADF75D /* DetailPrefectureViewController.swift in Sources */,
				E089AEC6299F749C00ADF75D /* PrefectureViewController.swift in Sources */,
			);
			runOnlyForDeploymentPostprocessing = 0;
		};
/* End PBXSourcesBuildPhase section */

/* Begin PBXVariantGroup section */
		E089AE80299E32C300ADF75D /* LaunchScreen.storyboard */ = {
			isa = PBXVariantGroup;
			children = (
				E089AE81299E32C300ADF75D /* Base */,
			);
			name = LaunchScreen.storyboard;
			sourceTree = "<group>";
		};
/* End PBXVariantGroup section */

/* Begin XCBuildConfiguration section */
		E089AE84299E32C300ADF75D /* Debug */ = {
			isa = XCBuildConfiguration;
			buildSettings = {
				ALWAYS_SEARCH_USER_PATHS = NO;
				CLANG_ANALYZER_NONNULL = YES;
				CLANG_ANALYZER_NUMBER_OBJECT_CONVERSION = YES_AGGRESSIVE;
				CLANG_CXX_LANGUAGE_STANDARD = "gnu++20";
				CLANG_ENABLE_MODULES = YES;
				CLANG_ENABLE_OBJC_ARC = YES;
				CLANG_ENABLE_OBJC_WEAK = YES;
				CLANG_WARN_BLOCK_CAPTURE_AUTORELEASING = YES;
				CLANG_WARN_BOOL_CONVERSION = YES;
				CLANG_WARN_COMMA = YES;
				CLANG_WARN_CONSTANT_CONVERSION = YES;
				CLANG_WARN_DEPRECATED_OBJC_IMPLEMENTATIONS = YES;
				CLANG_WARN_DIRECT_OBJC_ISA_USAGE = YES_ERROR;
				CLANG_WARN_DOCUMENTATION_COMMENTS = YES;
				CLANG_WARN_EMPTY_BODY = YES;
				CLANG_WARN_ENUM_CONVERSION = YES;
				CLANG_WARN_INFINITE_RECURSION = YES;
				CLANG_WARN_INT_CONVERSION = YES;
				CLANG_WARN_NON_LITERAL_NULL_CONVERSION = YES;
				CLANG_WARN_OBJC_IMPLICIT_RETAIN_SELF = YES;
				CLANG_WARN_OBJC_LITERAL_CONVERSION = YES;
				CLANG_WARN_OBJC_ROOT_CLASS = YES_ERROR;
				CLANG_WARN_QUOTED_INCLUDE_IN_FRAMEWORK_HEADER = YES;
				CLANG_WARN_RANGE_LOOP_ANALYSIS = YES;
				CLANG_WARN_STRICT_PROTOTYPES = YES;
				CLANG_WARN_SUSPICIOUS_MOVE = YES;
				CLANG_WARN_UNGUARDED_AVAILABILITY = YES_AGGRESSIVE;
				CLANG_WARN_UNREACHABLE_CODE = YES;
				CLANG_WARN__DUPLICATE_METHOD_MATCH = YES;
				COPY_PHASE_STRIP = NO;
				DEBUG_INFORMATION_FORMAT = dwarf;
				ENABLE_STRICT_OBJC_MSGSEND = YES;
				ENABLE_TESTABILITY = YES;
				GCC_C_LANGUAGE_STANDARD = gnu11;
				GCC_DYNAMIC_NO_PIC = NO;
				GCC_NO_COMMON_BLOCKS = YES;
				GCC_OPTIMIZATION_LEVEL = 0;
				GCC_PREPROCESSOR_DEFINITIONS = (
					"DEBUG=1",
					"$(inherited)",
				);
				GCC_WARN_64_TO_32_BIT_CONVERSION = YES;
				GCC_WARN_ABOUT_RETURN_TYPE = YES_ERROR;
				GCC_WARN_UNDECLARED_SELECTOR = YES;
				GCC_WARN_UNINITIALIZED_AUTOS = YES_AGGRESSIVE;
				GCC_WARN_UNUSED_FUNCTION = YES;
				GCC_WARN_UNUSED_VARIABLE = YES;
				IPHONEOS_DEPLOYMENT_TARGET = 16.2;
				MTL_ENABLE_DEBUG_INFO = INCLUDE_SOURCE;
				MTL_FAST_MATH = YES;
				ONLY_ACTIVE_ARCH = YES;
				SDKROOT = iphoneos;
				SWIFT_ACTIVE_COMPILATION_CONDITIONS = DEBUG;
				SWIFT_OPTIMIZATION_LEVEL = "-Onone";
			};
			name = Debug;
		};
		E089AE85299E32C300ADF75D /* Release */ = {
			isa = XCBuildConfiguration;
			buildSettings = {
				ALWAYS_SEARCH_USER_PATHS = NO;
				CLANG_ANALYZER_NONNULL = YES;
				CLANG_ANALYZER_NUMBER_OBJECT_CONVERSION = YES_AGGRESSIVE;
				CLANG_CXX_LANGUAGE_STANDARD = "gnu++20";
				CLANG_ENABLE_MODULES = YES;
				CLANG_ENABLE_OBJC_ARC = YES;
				CLANG_ENABLE_OBJC_WEAK = YES;
				CLANG_WARN_BLOCK_CAPTURE_AUTORELEASING = YES;
				CLANG_WARN_BOOL_CONVERSION = YES;
				CLANG_WARN_COMMA = YES;
				CLANG_WARN_CONSTANT_CONVERSION = YES;
				CLANG_WARN_DEPRECATED_OBJC_IMPLEMENTATIONS = YES;
				CLANG_WARN_DIRECT_OBJC_ISA_USAGE = YES_ERROR;
				CLANG_WARN_DOCUMENTATION_COMMENTS = YES;
				CLANG_WARN_EMPTY_BODY = YES;
				CLANG_WARN_ENUM_CONVERSION = YES;
				CLANG_WARN_INFINITE_RECURSION = YES;
				CLANG_WARN_INT_CONVERSION = YES;
				CLANG_WARN_NON_LITERAL_NULL_CONVERSION = YES;
				CLANG_WARN_OBJC_IMPLICIT_RETAIN_SELF = YES;
				CLANG_WARN_OBJC_LITERAL_CONVERSION = YES;
				CLANG_WARN_OBJC_ROOT_CLASS = YES_ERROR;
				CLANG_WARN_QUOTED_INCLUDE_IN_FRAMEWORK_HEADER = YES;
				CLANG_WARN_RANGE_LOOP_ANALYSIS = YES;
				CLANG_WARN_STRICT_PROTOTYPES = YES;
				CLANG_WARN_SUSPICIOUS_MOVE = YES;
				CLANG_WARN_UNGUARDED_AVAILABILITY = YES_AGGRESSIVE;
				CLANG_WARN_UNREACHABLE_CODE = YES;
				CLANG_WARN__DUPLICATE_METHOD_MATCH = YES;
				COPY_PHASE_STRIP = NO;
				DEBUG_INFORMATION_FORMAT = "dwarf-with-dsym";
				ENABLE_NS_ASSERTIONS = NO;
				ENABLE_STRICT_OBJC_MSGSEND = YES;
				GCC_C_LANGUAGE_STANDARD = gnu11;
				GCC_NO_COMMON_BLOCKS = YES;
				GCC_WARN_64_TO_32_BIT_CONVERSION = YES;
				GCC_WARN_ABOUT_RETURN_TYPE = YES_ERROR;
				GCC_WARN_UNDECLARED_SELECTOR = YES;
				GCC_WARN_UNINITIALIZED_AUTOS = YES_AGGRESSIVE;
				GCC_WARN_UNUSED_FUNCTION = YES;
				GCC_WARN_UNUSED_VARIABLE = YES;
				IPHONEOS_DEPLOYMENT_TARGET = 16.2;
				MTL_ENABLE_DEBUG_INFO = NO;
				MTL_FAST_MATH = YES;
				SDKROOT = iphoneos;
				SWIFT_COMPILATION_MODE = wholemodule;
				SWIFT_OPTIMIZATION_LEVEL = "-O";
				VALIDATE_PRODUCT = YES;
			};
			name = Release;
		};
		E089AE87299E32C300ADF75D /* Debug */ = {
			isa = XCBuildConfiguration;
			baseConfigurationReference = D18A82E50EC3A1E30F8C31B9 /* Pods-CoronaviApp.debug.xcconfig */;
			buildSettings = {
				ASSETCATALOG_COMPILER_APPICON_NAME = AppIcon;
				ASSETCATALOG_COMPILER_GLOBAL_ACCENT_COLOR_NAME = AccentColor;
				CODE_SIGN_STYLE = Automatic;
				CURRENT_PROJECT_VERSION = 1;
				DEVELOPMENT_TEAM = U2X494GHK8;
				GENERATE_INFOPLIST_FILE = YES;
				INFOPLIST_FILE = CoronaviApp/Info.plist;
				INFOPLIST_KEY_CFBundleDisplayName = coronavi;
				INFOPLIST_KEY_NSLocationUsageDescription = "位置情報を取得します。";
				INFOPLIST_KEY_NSLocationWhenInUseUsageDescription = "位置情報を取得します。";
				INFOPLIST_KEY_UIApplicationSupportsIndirectInputEvents = YES;
				INFOPLIST_KEY_UILaunchStoryboardName = LaunchScreen;
				INFOPLIST_KEY_UIMainStoryboardFile = Main;
				INFOPLIST_KEY_UIRequiresFullScreen = YES;
				INFOPLIST_KEY_UISupportedInterfaceOrientations = UIInterfaceOrientationPortrait;
				IPHONEOS_DEPLOYMENT_TARGET = 16.1;
				LD_RUNPATH_SEARCH_PATHS = (
					"$(inherited)",
					"@executable_path/Frameworks",
				);
				MARKETING_VERSION = 1.0;
				PRODUCT_BUNDLE_IDENTIFIER = com.misawa.CoronaviApp;
				PRODUCT_NAME = "$(TARGET_NAME)";
				SWIFT_EMIT_LOC_STRINGS = YES;
				SWIFT_VERSION = 5.0;
				TARGETED_DEVICE_FAMILY = "1,2";
			};
			name = Debug;
		};
		E089AE88299E32C300ADF75D /* Release */ = {
			isa = XCBuildConfiguration;
			baseConfigurationReference = 50BD8853DE24D8CE91F711F5 /* Pods-CoronaviApp.release.xcconfig */;
			buildSettings = {
				ASSETCATALOG_COMPILER_APPICON_NAME = AppIcon;
				ASSETCATALOG_COMPILER_GLOBAL_ACCENT_COLOR_NAME = AccentColor;
				CODE_SIGN_STYLE = Automatic;
				CURRENT_PROJECT_VERSION = 1;
				DEVELOPMENT_TEAM = U2X494GHK8;
				GENERATE_INFOPLIST_FILE = YES;
				INFOPLIST_FILE = CoronaviApp/Info.plist;
				INFOPLIST_KEY_CFBundleDisplayName = coronavi;
				INFOPLIST_KEY_NSLocationUsageDescription = "位置情報を取得します。";
				INFOPLIST_KEY_NSLocationWhenInUseUsageDescription = "位置情報を取得します。";
				INFOPLIST_KEY_UIApplicationSupportsIndirectInputEvents = YES;
				INFOPLIST_KEY_UILaunchStoryboardName = LaunchScreen;
				INFOPLIST_KEY_UIMainStoryboardFile = Main;
				INFOPLIST_KEY_UIRequiresFullScreen = YES;
				INFOPLIST_KEY_UISupportedInterfaceOrientations = UIInterfaceOrientationPortrait;
				IPHONEOS_DEPLOYMENT_TARGET = 16.1;
				LD_RUNPATH_SEARCH_PATHS = (
					"$(inherited)",
					"@executable_path/Frameworks",
				);
				MARKETING_VERSION = 1.0;
				PRODUCT_BUNDLE_IDENTIFIER = com.misawa.CoronaviApp;
				PRODUCT_NAME = "$(TARGET_NAME)";
				SWIFT_EMIT_LOC_STRINGS = YES;
				SWIFT_VERSION = 5.0;
				TARGETED_DEVICE_FAMILY = "1,2";
			};
			name = Release;
		};
/* End XCBuildConfiguration section */

/* Begin XCConfigurationList section */
		E089AE6D299E32C200ADF75D /* Build configuration list for PBXProject "CoronaviApp" */ = {
			isa = XCConfigurationList;
			buildConfigurations = (
				E089AE84299E32C300ADF75D /* Debug */,
				E089AE85299E32C300ADF75D /* Release */,
			);
			defaultConfigurationIsVisible = 0;
			defaultConfigurationName = Release;
		};
		E089AE86299E32C300ADF75D /* Build configuration list for PBXNativeTarget "CoronaviApp" */ = {
			isa = XCConfigurationList;
			buildConfigurations = (
				E089AE87299E32C300ADF75D /* Debug */,
				E089AE88299E32C300ADF75D /* Release */,
			);
			defaultConfigurationIsVisible = 0;
			defaultConfigurationName = Release;
		};
/* End XCConfigurationList section */
	};
	rootObject = E089AE6A299E32C200ADF75D /* Project object */;
}
